
Microsoft Visual Studio Solution File, Format Version 12.00
# Visual Studio 2012
Project("{FAE04EC0-301F-11D3-BF4B-00C04F79EFBC}") = "LanguagesBLL", "LanguagesBLL\LanguagesBLL.csproj", "{80267D5A-8E8D-4238-8563-DEC999CE9B16}"
EndProject
Project("{FAE04EC0-301F-11D3-BF4B-00C04F79EFBC}") = "LanguagesMVC", "LanguagesMVC\LanguagesMVC.csproj", "{2C3B2039-7557-410B-BFF3-FA8B10F0A38C}"
EndProject
Global
	GlobalSection(SolutionConfigurationPlatforms) = preSolution
		Debug|Any CPU = Debug|Any CPU
		Release|Any CPU = Release|Any CPU
	EndGlobalSection
	GlobalSection(ProjectConfigurationPlatforms) = postSolution
		{80267D5A-8E8D-4238-8563-DEC999CE9B16}.Debug|Any CPU.ActiveCfg = Debug|Any CPU
		{80267D5A-8E8D-4238-8563-DEC999CE9B16}.Debug|Any CPU.Build.0 = Debug|Any CPU
		{80267D5A-8E8D-4238-8563-DEC999CE9B16}.Release|Any CPU.ActiveCfg = Release|Any CPU
		{80267D5A-8E8D-4238-8563-DEC999CE9B16}.Release|Any CPU.Build.0 = Release|Any CPU
		{2C3B2039-7557-410B-BFF3-FA8B10F0A38C}.Debug|Any CPU.ActiveCfg = Debug|Any CPU
		{2C3B2039-7557-410B-BFF3-FA8B10F0A38C}.Debug|Any CPU.Build.0 = Debug|Any CPU
		{2C3B2039-7557-410B-BFF3-FA8B10F0A38C}.Release|Any CPU.ActiveCfg = Release|Any CPU
		{2C3B2039-7557-410B-BFF3-FA8B10F0A38C}.Release|Any CPU.Build.0 = Release|Any CPU
	EndGlobalSection
	GlobalSection(SolutionProperties) = preSolution
		HideSolutionNode = FALSE
	EndGlobalSection
EndGlobal
